
Microsoft Visual Studio Solution File, Format Version 12.00
# Visual Studio 2012
Project("{FAE04EC0-301F-11D3-BF4B-00C04F79EFBC}") = "FestivalAppDesktop", "FestivalAppDesktop\FestivalAppDesktop.csproj", "{49424302-AFD9-49DF-90D6-B0ADC0318B5F}"
EndProject
Global
	GlobalSection(SolutionConfigurationPlatforms) = preSolution
		Debug|Any CPU = Debug|Any CPU
		Release|Any CPU = Release|Any CPU
	EndGlobalSection
	GlobalSection(ProjectConfigurationPlatforms) = postSolution
		{49424302-AFD9-49DF-90D6-B0ADC0318B5F}.Debug|Any CPU.ActiveCfg = Debug|Any CPU
		{49424302-AFD9-49DF-90D6-B0ADC0318B5F}.Debug|Any CPU.Build.0 = Debug|Any CPU
		{49424302-AFD9-49DF-90D6-B0ADC0318B5F}.Release|Any CPU.ActiveCfg = Release|Any CPU
		{49424302-AFD9-49DF-90D6-B0ADC0318B5F}.Release|Any CPU.Build.0 = Release|Any CPU
	EndGlobalSection
	GlobalSection(SolutionProperties) = preSolution
		HideSolutionNode = FALSE
	EndGlobalSection
EndGlobal
